PackratFormat: 1.4
PackratVersion: 0.4.8.1
RVersion: 3.3.3
Repos: CRAN=https://cran.rstudio.com/

Package: BH
Source: CRAN
Version: 1.62.0-1
Hash: 14dfb3e8ffe20996118306ff4de1fab2

Package: DBI
Source: CRAN
Version: 0.6-1
Hash: 4aef5bda70897c1663d5b8bae2f4419a

Package: LDAvis
Source: CRAN
Version: 0.3.2
Hash: 3e0eb2025c720177694040a23c28c57a
Requires: RJSONIO, proxy

Package: NLP
Source: CRAN
Version: 0.1-10
Hash: 6dfc431387421a460855dd2c794c9beb

Package: NMF
Source: CRAN
Version: 0.20.6
Hash: 632aad207ab2e551b33990c9f09ab8af
Requires: RColorBrewer, colorspace, digest, doParallel, foreach,
    ggplot2, gridBase, pkgmaker, registry, reshape2, rngtools, stringr

Package: R6
Source: CRAN
Version: 2.2.0
Hash: 712773a3439bd32db5c40938e1a9aac2

Package: RColorBrewer
Source: CRAN
Version: 1.1-2
Hash: c0d56cd15034f395874c870141870c25

Package: RJSONIO
Source: CRAN
Version: 1.3-0
Hash: fb672e20eb6f3010a3639f855d8ef6de

Package: RSpectra
Source: CRAN
Version: 0.12-0
Hash: 90226475f5f59b179d5475a06840c333
Requires: Rcpp, RcppEigen

Package: Rcpp
Source: CRAN
Version: 0.12.10
Hash: 6cf65d0dd6a92f2d43c8d4805d33efe9

Package: RcppArmadillo
Source: CRAN
Version: 0.7.900.2.0
Hash: e06ded3c367ee865fbdcd66c4a669158
Requires: Rcpp

Package: RcppEigen
Source: CRAN
Version: 0.3.3.3.0
Hash: dfb1146881f067234c80251f2d2f9e1c
Requires: Rcpp

Package: RcppParallel
Source: CRAN
Version: 4.3.20
Hash: 6962f000fb289cf67de2c7d6db635d1f
Requires: BH

Package: SnowballC
Source: CRAN
Version: 0.5.1
Hash: 6f14c834eea7672f25b83d9ba35b85ca

Package: XML
Source: CRAN
Version: 3.98-1.7
Hash: fd1bf3df333ac6d5ad6ce2688c6080aa

Package: assertthat
Source: CRAN
Version: 0.2.0
Hash: e8805df54c65ac96d50235c44a82615c

Package: backports
Source: CRAN
Version: 1.0.5
Hash: 8b835bdc5447f2c76fda198e17d6bda4

Package: bindr
Source: CRAN
Version: 0.1
Hash: e3a02070cf705d3ad1c5af1635a515a3

Package: bindrcpp
Source: CRAN
Version: 0.1
Hash: 57498e6d551c8b99bfd980f34191867f
Requires: Rcpp, bindr, plogr

Package: brew
Source: CRAN
Version: 1.0-6
Hash: 931f9972deae0f205e1c78a51f33149b

Package: colorspace
Source: CRAN
Version: 1.3-2
Hash: 0bf8618b585fa98eb23414cd3ab95118

Package: commonmark
Source: CRAN
Version: 1.2
Hash: 1290583b9d16fb60322126a8698fb729

Package: crayon
Source: CRAN
Version: 1.3.2
Hash: 576a9d297a567d6a5ebd164ca5221590

Package: curl
Source: CRAN
Version: 2.5
Hash: 18525896a11a4e04268c762f6391a8f8

Package: data.table
Source: CRAN
Version: 1.10.4
Hash: 2c7c47ccb40d01c7b214c8eff818108d

Package: desc
Source: CRAN
Version: 1.1.0
Hash: 346d3477f87b89692dd1379eaed1a1be
Requires: R6, assertthat, crayon, rprojroot

Package: devtools
Source: CRAN
Version: 1.12.0
Hash: bbad95109ae75cbb14099281cda43af2
Requires: digest, git2r, httr, jsonlite, memoise, rstudioapi, whisker,
    withr

Package: dichromat
Source: CRAN
Version: 2.0-0
Hash: 08eed0c80510af29bb15f840ccfe37ce

Package: digest
Source: CRAN
Version: 0.6.12
Hash: e53fb8c58673df868183697e39a6a4d6

Package: doParallel
Source: CRAN
Version: 1.0.10
Hash: df91a7abfa938c06ad87b9a2b9269adb
Requires: foreach, iterators

Package: dplyr
Source: CRAN
Version: 0.7.0
Hash: 26226e972227270b6e10a961d84907d7
Requires: BH, R6, Rcpp, assertthat, bindrcpp, glue, magrittr,
    pkgconfig, plogr, rlang, tibble

Package: fastmatch
Source: CRAN
Version: 1.1-0
Hash: 932691e01f5e2d6de914fd4b847f37c8

Package: foreach
Source: CRAN
Version: 1.4.3
Hash: cd53ef4cf29dc59ce3f8c5c1af735fd1
Requires: iterators

Package: ggplot2
Source: CRAN
Version: 2.2.1
Hash: 46e5cb78836848aa44655e577433f54b
Requires: digest, gtable, lazyeval, plyr, reshape2, scales, tibble

Package: git2r
Source: CRAN
Version: 0.18.0
Hash: 9dfaafbcca68be29b89ef7783dc1dac0

Package: glmnet
Source: CRAN
Version: 2.0-10
Hash: 0b5b2b840e29335a355e734be998c1ee
Requires: foreach

Package: glue
Source: CRAN
Version: 1.0.0
Hash: 01c203c66517dfdca4bd50b812b109d1

Package: gridBase
Source: CRAN
Version: 0.4-7
Hash: d4b7f73c0fdf11d18d1e1ae1643ac4ec

Package: gtable
Source: CRAN
Version: 0.2.0
Hash: cd78381a9d3fea966ac39bd0daaf5554

Package: httr
Source: CRAN
Version: 1.2.1
Hash: 7de1f8f760441881804af7c1ff324340
Requires: R6, curl, jsonlite, mime, openssl

Package: igraph
Source: CRAN
Version: 1.0.1
Hash: 26ac36402e881905359daabfd9ba4057
Requires: NMF, irlba, magrittr

Package: irlba
Source: CRAN
Version: 2.2.1
Hash: 129c56a5ab6def05c411673cabe04054

Package: iterators
Source: CRAN
Version: 1.0.8
Hash: 488b93c2a4166db0d15f1e8d882cb1d4

Package: jsonlite
Source: CRAN
Version: 1.4
Hash: 24cc0ffeb1771d710173d9803a131870

Package: labeling
Source: CRAN
Version: 0.3
Hash: ecf589b42cd284b03a4beb9665482d3e

Package: lazyeval
Source: CRAN
Version: 0.2.0
Hash: 3d6e7608e65bbf5cb170dab1e3c9ed8b

Package: lda
Source: CRAN
Version: 1.4.2
Hash: 59e353247ab144b9248f2c94a951e77f

Package: magrittr
Source: CRAN
Version: 1.5
Hash: bdc4d48c3135e8f3b399536ddf160df4

Package: matrixStats
Source: CRAN
Version: 0.52.2
Hash: 6488b8966b761e99eb2ccb3e6ab09ba7

Package: memoise
Source: CRAN
Version: 1.1.0
Hash: 410fcd334bc626db100237cc1370f2e9
Requires: digest

Package: mime
Source: CRAN
Version: 0.5
Hash: 463550cf44fb6f0a2359368f42eebe62

Package: modeltools
Source: CRAN
Version: 0.2-21
Hash: 3dc03397b2a4375c8a5e5f09c8cf0ae1

Package: munsell
Source: CRAN
Version: 0.4.3
Hash: f96d896947fcaf9b6d0074002e9f4f9d
Requires: colorspace

Package: openssl
Source: CRAN
Version: 0.9.6
Hash: 5f4711e142a44655dfea4d64fcf2f641

Package: packrat
Source: CRAN
Version: 0.4.8-1
Hash: 6ad605ba7b4b476d84be6632393f5765

Package: pkgconfig
Source: CRAN
Version: 2.0.1
Hash: 0dda4a2654a22b36a715c2b0b6fbacac

Package: pkgmaker
Source: CRAN
Version: 0.22
Hash: 2e5fc2a6b7eaeb1e1d397a8dc5f54480
Requires: digest, registry, stringr, xtable

Package: plogr
Source: CRAN
Version: 0.1-1
Hash: fb19215402e2d9f1c7f803dcaa806fc2

Package: plyr
Source: CRAN
Version: 1.8.4
Hash: c9ddbdcfd74ff964e3e7d0b692a8dd70
Requires: Rcpp

Package: praise
Source: CRAN
Version: 1.0.0
Hash: 77da8f1df873a4b91e5c4a68fe2fb1b6

Package: proxy
Source: CRAN
Version: 0.4-17
Hash: ff9d67da15429df7be36755b4c13a9f5

Package: quadprog
Source: CRAN
Version: 1.5-5
Hash: 69000b7dc41b09977dcf781f909d235c

Package: quanteda
Source: CRAN
Version: 0.9.9-65
Hash: fd211956fe4d3f6adc2d0d4bd9e47421
Requires: RSpectra, Rcpp, RcppArmadillo, RcppParallel, SnowballC, XML,
    data.table, fastmatch, ggplot2, stringi, wordcloud, yaml

Package: registry
Source: CRAN
Version: 0.3
Hash: f9447c26b51b8c96f53720c5ff862c93

Package: reshape2
Source: CRAN
Version: 1.4.2
Hash: 790c06c11c84041b814139d731a872b9
Requires: Rcpp, plyr, stringr

Package: rlang
Source: CRAN
Version: 0.1.1
Hash: 86c53487ce7f82f0a7cc11c816060910

Package: rngtools
Source: CRAN
Version: 1.2.4
Hash: 4db0661fe95ab6eb3d6339495bf22003
Requires: digest, pkgmaker, stringr

Package: roxygen2
Source: CRAN
Version: 6.0.1
Hash: 7a75b821e00443c60a239fa4070b4117
Requires: R6, Rcpp, brew, commonmark, desc, digest, stringi, stringr,
    xml2

Package: rprojroot
Source: CRAN
Version: 1.2
Hash: fdcac51a7f47decd60556ceefc3c26b1
Requires: backports

Package: rstudioapi
Source: CRAN
Version: 0.6
Hash: fd256f8bfb9a64cc35f98b0decb1a79f

Package: scales
Source: CRAN
Version: 0.4.1
Hash: 2d008b6e3fb9938255669ddf3c85f1f3
Requires: RColorBrewer, Rcpp, dichromat, labeling, munsell, plyr

Package: slam
Source: CRAN
Version: 0.1-40
Hash: 72064713f4746f9bb8a0435c8bf61bd1

Package: stm
Source: CRAN
Version: 1.2.2
Hash: a9cac9ca1677c5b5f1963f03759e8fd9
Requires: Rcpp, RcppArmadillo, data.table, glmnet, lda, matrixStats,
    quadprog, quanteda, slam, stringr

Package: stringi
Source: CRAN
Version: 1.1.5
Hash: b6308e49357a0b475f433599e0d8b5eb

Package: stringr
Source: CRAN
Version: 1.2.0
Hash: 25a86d7f410513ebb7c0bc6a5e16bdc3
Requires: magrittr, stringi

Package: testthat
Source: CRAN
Version: 1.0.2
Hash: 88d5291104227f9dc2e7c7c1d0eb6c74
Requires: R6, crayon, digest, magrittr, praise

Package: tibble
Source: CRAN
Version: 1.3.3
Hash: a848553d9be39039a12001fb46447d06
Requires: Rcpp, rlang

Package: tm
Source: CRAN
Version: 0.7-1
Hash: dadc6a31ada460b976804c08088a7df8
Requires: BH, NLP, Rcpp, slam

Package: topicmodels
Source: CRAN
Version: 0.2-6
Hash: 1b2af1a8bd5ad768e4e03086503e0a7e
Requires: modeltools, slam, tm

Package: whisker
Source: CRAN
Version: 0.3-2
Hash: 803d662762e532705c2c066a82d066e7

Package: withr
Source: CRAN
Version: 1.0.2
Hash: 774eb7be9087cdc24b53b74e5359cfac

Package: wordcloud
Source: CRAN
Version: 2.5
Hash: 285738eaa6b3785382ca7df76f5a7af1
Requires: RColorBrewer, Rcpp, slam

Package: xml2
Source: CRAN
Version: 1.1.1
Hash: 19ad10ef8e73cb435eb49f9d5d259980
Requires: BH, Rcpp

Package: xtable
Source: CRAN
Version: 1.8-2
Hash: 7293235cfcc14cdff1ce7fd1a0212031

Package: yaml
Source: CRAN
Version: 2.1.14
Hash: c81230c3a7d9ba20607ad6b4331173d1
